
Microsoft Visual Studio Solution File, Format Version 12.00
# Visual Studio Version 17
VisualStudioVersion = 17.0.31903.59
MinimumVisualStudioVersion = 10.0.40219.1
Project("{FAE04EC0-301F-11D3-BF4B-00C04F79EFBC}") = "NewsletterOrchestratedSagaRpc", "Rpc\NewsletterOrchestratedSagaRpc.csproj", "{ACE981CF-462D-47EA-8334-6F9C13E4987D}"
EndProject
Project("{FAE04EC0-301F-11D3-BF4B-00C04F79EFBC}") = "NewsletterOrchestratedSagaMessaging", "Messaging\NewsletterOrchestratedSagaMessaging.csproj", "{DA4B5114-A5DE-41D2-94B0-BE9254E16845}"
EndProject
Global
	GlobalSection(SolutionConfigurationPlatforms) = preSolution
		Debug|Any CPU = Debug|Any CPU
		Release|Any CPU = Release|Any CPU
	EndGlobalSection
	GlobalSection(SolutionProperties) = preSolution
		HideSolutionNode = FALSE
	EndGlobalSection
	GlobalSection(ProjectConfigurationPlatforms) = postSolution
		{ACE981CF-462D-47EA-8334-6F9C13E4987D}.Debug|Any CPU.ActiveCfg = Debug|Any CPU
		{ACE981CF-462D-47EA-8334-6F9C13E4987D}.Debug|Any CPU.Build.0 = Debug|Any CPU
		{ACE981CF-462D-47EA-8334-6F9C13E4987D}.Release|Any CPU.ActiveCfg = Release|Any CPU
		{ACE981CF-462D-47EA-8334-6F9C13E4987D}.Release|Any CPU.Build.0 = Release|Any CPU
		{DA4B5114-A5DE-41D2-94B0-BE9254E16845}.Debug|Any CPU.ActiveCfg = Debug|Any CPU
		{DA4B5114-A5DE-41D2-94B0-BE9254E16845}.Debug|Any CPU.Build.0 = Debug|Any CPU
		{DA4B5114-A5DE-41D2-94B0-BE9254E16845}.Release|Any CPU.ActiveCfg = Release|Any CPU
		{DA4B5114-A5DE-41D2-94B0-BE9254E16845}.Release|Any CPU.Build.0 = Release|Any CPU
	EndGlobalSection
EndGlobal
